# This file is automatically @generated by Cargo.
# It is not intended for manual editing.
version = 3

[[package]]
name = "libc"
version = "0.2.126"
source = "registry+https://github.com/rust-lang/crates.io-index"
checksum = "349d5a591cd28b49e1d1037471617a32ddcda5731b99419008085f72d5a53836"

[[package]]
name = "libcrypteia"
version = "0.1.0"
dependencies = [
 "libc",
 "redhook",
]

[[package]]
name = "redhook"
version = "2.0.0"
source = "registry+https://github.com/rust-lang/crates.io-index"
checksum = "b6e109b8469dbbe6d7cbe18e5ebd65d4a134e2f4b91304ad9213984cad1d70a6"
dependencies = [
 "libc",
]
